
Microsoft Visual Studio Solution File, Format Version 12.00
# Visual Studio Version 17
VisualStudioVersion = 17.9.34902.65
MinimumVisualStudioVersion = 10.0.40219.1
Project("{FAE04EC0-301F-11D3-BF4B-00C04F79EFBC}") = "NamaaWebSite", "NamaaWebSite\NamaaWebSite.csproj", "{AC0C5654-A766-4904-845B-19B64ED9006B}"
EndProject
Project("{FAE04EC0-301F-11D3-BF4B-00C04F79EFBC}") = "DAL", "DAL\DAL.csproj", "{A90BF1D5-97C7-4661-984A-0654583F022F}"
EndProject
Project("{FAE04EC0-301F-11D3-BF4B-00C04F79EFBC}") = "BLL", "BLL\BLL.csproj", "{C91354EA-B5DB-4A30-8286-001349BF4D89}"
EndProject
Global
	GlobalSection(SolutionConfigurationPlatforms) = preSolution
		Debug|Any CPU = Debug|Any CPU
		Release|Any CPU = Release|Any CPU
	EndGlobalSection
	GlobalSection(ProjectConfigurationPlatforms) = postSolution
		{AC0C5654-A766-4904-845B-19B64ED9006B}.Debug|Any CPU.ActiveCfg = Debug|Any CPU
		{AC0C5654-A766-4904-845B-19B64ED9006B}.Debug|Any CPU.Build.0 = Debug|Any CPU
		{AC0C5654-A766-4904-845B-19B64ED9006B}.Release|Any CPU.ActiveCfg = Release|Any CPU
		{AC0C5654-A766-4904-845B-19B64ED9006B}.Release|Any CPU.Build.0 = Release|Any CPU
		{A90BF1D5-97C7-4661-984A-0654583F022F}.Debug|Any CPU.ActiveCfg = Debug|Any CPU
		{A90BF1D5-97C7-4661-984A-0654583F022F}.Debug|Any CPU.Build.0 = Debug|Any CPU
		{A90BF1D5-97C7-4661-984A-0654583F022F}.Release|Any CPU.ActiveCfg = Release|Any CPU
		{A90BF1D5-97C7-4661-984A-0654583F022F}.Release|Any CPU.Build.0 = Release|Any CPU
		{C91354EA-B5DB-4A30-8286-001349BF4D89}.Debug|Any CPU.ActiveCfg = Debug|Any CPU
		{C91354EA-B5DB-4A30-8286-001349BF4D89}.Debug|Any CPU.Build.0 = Debug|Any CPU
		{C91354EA-B5DB-4A30-8286-001349BF4D89}.Release|Any CPU.ActiveCfg = Release|Any CPU
		{C91354EA-B5DB-4A30-8286-001349BF4D89}.Release|Any CPU.Build.0 = Release|Any CPU
	EndGlobalSection
	GlobalSection(SolutionProperties) = preSolution
		HideSolutionNode = FALSE
	EndGlobalSection
	GlobalSection(ExtensibilityGlobals) = postSolution
		SolutionGuid = {57773753-4889-4857-8B4B-E49E278433F0}
	EndGlobalSection
EndGlobal
